// !$*UTF8*$!
{
	archiveVersion = 1;
	classes = {
	};
	objectVersion = 50;
	objects = {

/* Begin PBXBuildFile section */
		E3206E4E24FC592200AABCB2 /* ResultProvider.swift in Sources */ = {isa = PBXBuildFile; fileRef = E3206E4D24FC592200AABCB2 /* ResultProvider.swift */; };
		E3820989250AC15900EC068A /* SelectPlayer.storyboard in Resources */ = {isa = PBXBuildFile; fileRef = E3820988250AC15900EC068A /* SelectPlayer.storyboard */; };
		E382098B250ACB3700EC068A /* SelectPlayerViewController.swift in Sources */ = {isa = PBXBuildFile; fileRef = E382098A250ACB3700EC068A /* SelectPlayerViewController.swift */; };
		E3932C09250EC79A009FC745 /* PlayerType.swift in Sources */ = {isa = PBXBuildFile; fileRef = E3932C08250EC79A009FC745 /* PlayerType.swift */; };
		E3932C0B250EC7BF009FC745 /* GameType.swift in Sources */ = {isa = PBXBuildFile; fileRef = E3932C0A250EC7BF009FC745 /* GameType.swift */; };
		E3932C0D250EC87E009FC745 /* Ranking.swift in Sources */ = {isa = PBXBuildFile; fileRef = E3932C0C250EC87E009FC745 /* Ranking.swift */; };
		E3D4147224FC5221008E1793 /* AppDelegate.swift in Sources */ = {isa = PBXBuildFile; fileRef = E3D4147124FC5221008E1793 /* AppDelegate.swift */; };
		E3D4147B24FC5221008E1793 /* Assets.xcassets in Resources */ = {isa = PBXBuildFile; fileRef = E3D4147A24FC5221008E1793 /* Assets.xcassets */; };
		E3D4147E24FC5221008E1793 /* LaunchScreen.storyboard in Resources */ = {isa = PBXBuildFile; fileRef = E3D4147C24FC5221008E1793 /* LaunchScreen.storyboard */; };
		E3D4148624FC52B1008E1793 /* GameViewController.swift in Sources */ = {isa = PBXBuildFile; fileRef = E3D4148524FC52B1008E1793 /* GameViewController.swift */; };
		E3D4148824FC52C8008E1793 /* Game.storyboard in Resources */ = {isa = PBXBuildFile; fileRef = E3D4148724FC52C8008E1793 /* Game.storyboard */; };
		E3D4148B24FC52EA008E1793 /* ResultPodiumViewController.swift in Sources */ = {isa = PBXBuildFile; fileRef = E3D4148924FC52EA008E1793 /* ResultPodiumViewController.swift */; };
		E3D4148C24FC52EA008E1793 /* ResultListViewController.swift in Sources */ = {isa = PBXBuildFile; fileRef = E3D4148A24FC52EA008E1793 /* ResultListViewController.swift */; };
		E3D4148E24FC52FF008E1793 /* ResultList.storyboard in Resources */ = {isa = PBXBuildFile; fileRef = E3D4148D24FC52FF008E1793 /* ResultList.storyboard */; };
		E3D4149124FC5316008E1793 /* Result.storyboard in Resources */ = {isa = PBXBuildFile; fileRef = E3D4148F24FC5316008E1793 /* Result.storyboard */; };
		E3D4149224FC5316008E1793 /* ResultViewController.swift in Sources */ = {isa = PBXBuildFile; fileRef = E3D4149024FC5316008E1793 /* ResultViewController.swift */; };
		E3F6D479250ECB6E00BAA9B6 /* GameResult.swift in Sources */ = {isa = PBXBuildFile; fileRef = E3F6D478250ECB6E00BAA9B6 /* GameResult.swift */; };
		E3FB8B6225040E7A0017DC9E /* ResultProviderTests.swift in Sources */ = {isa = PBXBuildFile; fileRef = E3FB8B6125040E7A0017DC9E /* ResultProviderTests.swift */; };
		E3FB8B6A250412C70017DC9E /* ResultCalculator.swift in Sources */ = {isa = PBXBuildFile; fileRef = E3FB8B69250412C70017DC9E /* ResultCalculator.swift */; };
		E3FB8B6C2504139D0017DC9E /* ResultCalculatorTests.swift in Sources */ = {isa = PBXBuildFile; fileRef = E3FB8B6B2504139D0017DC9E /* ResultCalculatorTests.swift */; };
/* End PBXBuildFile section */

/* Begin PBXContainerItemProxy section */
		E3FB8B6425040E7A0017DC9E /* PBXContainerItemProxy */ = {
			isa = PBXContainerItemProxy;
			containerPortal = E3D4146624FC5221008E1793 /* Project object */;
			proxyType = 1;
			remoteGlobalIDString = E3D4146D24FC5221008E1793;
			remoteInfo = Spider;
		};
/* End PBXContainerItemProxy section */

/* Begin PBXFileReference section */
		E3206E4D24FC592200AABCB2 /* ResultProvider.swift */ = {isa = PBXFileReference; lastKnownFileType = sourcecode.swift; path = ResultProvider.swift; sourceTree = "<group>"; };
		E3820988250AC15900EC068A /* SelectPlayer.storyboard */ = {isa = PBXFileReference; lastKnownFileType = file.storyboard; path = SelectPlayer.storyboard; sourceTree = "<group>"; };
		E382098A250ACB3700EC068A /* SelectPlayerViewController.swift */ = {isa = PBXFileReference; lastKnownFileType = sourcecode.swift; path = SelectPlayerViewController.swift; sourceTree = "<group>"; };
		E3932C08250EC79A009FC745 /* PlayerType.swift */ = {isa = PBXFileReference; lastKnownFileType = sourcecode.swift; path = PlayerType.swift; sourceTree = "<group>"; };
		E3932C0A250EC7BF009FC745 /* GameType.swift */ = {isa = PBXFileReference; lastKnownFileType = sourcecode.swift; path = GameType.swift; sourceTree = "<group>"; };
		E3932C0C250EC87E009FC745 /* Ranking.swift */ = {isa = PBXFileReference; lastKnownFileType = sourcecode.swift; path = Ranking.swift; sourceTree = "<group>"; };
		E3D4146E24FC5221008E1793 /* Spider.app */ = {isa = PBXFileReference; explicitFileType = wrapper.application; includeInIndex = 0; path = Spider.app; sourceTree = BUILT_PRODUCTS_DIR; };
		E3D4147124FC5221008E1793 /* AppDelegate.swift */ = {isa = PBXFileReference; lastKnownFileType = sourcecode.swift; path = AppDelegate.swift; sourceTree = "<group>"; };
		E3D4147A24FC5221008E1793 /* Assets.xcassets */ = {isa = PBXFileReference; lastKnownFileType = folder.assetcatalog; path = Assets.xcassets; sourceTree = "<group>"; };
		E3D4147D24FC5221008E1793 /* Base */ = {isa = PBXFileReference; lastKnownFileType = file.storyboard; name = Base; path = Base.lproj/LaunchScreen.storyboard; sourceTree = "<group>"; };
		E3D4147F24FC5221008E1793 /* Info.plist */ = {isa = PBXFileReference; lastKnownFileType = text.plist.xml; path = Info.plist; sourceTree = "<group>"; };
		E3D4148524FC52B1008E1793 /* GameViewController.swift */ = {isa = PBXFileReference; fileEncoding = 4; lastKnownFileType = sourcecode.swift; path = GameViewController.swift; sourceTree = "<group>"; };
		E3D4148724FC52C8008E1793 /* Game.storyboard */ = {isa = PBXFileReference; fileEncoding = 4; lastKnownFileType = file.storyboard; path = Game.storyboard; sourceTree = "<group>"; };
		E3D4148924FC52EA008E1793 /* ResultPodiumViewController.swift */ = {isa = PBXFileReference; fileEncoding = 4; lastKnownFileType = sourcecode.swift; path = ResultPodiumViewController.swift; sourceTree = "<group>"; };
		E3D4148A24FC52EA008E1793 /* ResultListViewController.swift */ = {isa = PBXFileReference; fileEncoding = 4; lastKnownFileType = sourcecode.swift; path = ResultListViewController.swift; sourceTree = "<group>"; };
		E3D4148D24FC52FF008E1793 /* ResultList.storyboard */ = {isa = PBXFileReference; fileEncoding = 4; lastKnownFileType = file.storyboard; path = ResultList.storyboard; sourceTree = "<group>"; };
		E3D4148F24FC5316008E1793 /* Result.storyboard */ = {isa = PBXFileReference; fileEncoding = 4; lastKnownFileType = file.storyboard; path = Result.storyboard; sourceTree = "<group>"; };
		E3D4149024FC5316008E1793 /* ResultViewController.swift */ = {isa = PBXFileReference; fileEncoding = 4; lastKnownFileType = sourcecode.swift; path = ResultViewController.swift; sourceTree = "<group>"; };
		E3F6D478250ECB6E00BAA9B6 /* GameResult.swift */ = {isa = PBXFileReference; lastKnownFileType = sourcecode.swift; path = GameResult.swift; sourceTree = "<group>"; };
		E3FB8B5F25040E7A0017DC9E /* SpiderTests.xctest */ = {isa = PBXFileReference; explicitFileType = wrapper.cfbundle; includeInIndex = 0; path = SpiderTests.xctest; sourceTree = BUILT_PRODUCTS_DIR; };
		E3FB8B6125040E7A0017DC9E /* ResultProviderTests.swift */ = {isa = PBXFileReference; lastKnownFileType = sourcecode.swift; path = ResultProviderTests.swift; sourceTree = "<group>"; };
		E3FB8B6325040E7A0017DC9E /* Info.plist */ = {isa = PBXFileReference; lastKnownFileType = text.plist.xml; path = Info.plist; sourceTree = "<group>"; };
		E3FB8B69250412C70017DC9E /* ResultCalculator.swift */ = {isa = PBXFileReference; lastKnownFileType = sourcecode.swift; path = ResultCalculator.swift; sourceTree = "<group>"; };
		E3FB8B6B2504139D0017DC9E /* ResultCalculatorTests.swift */ = {isa = PBXFileReference; lastKnownFileType = sourcecode.swift; path = ResultCalculatorTests.swift; sourceTree = "<group>"; };
/* End PBXFileReference section */

/* Begin PBXFrameworksBuildPhase section */
		E3D4146B24FC5221008E1793 /* Frameworks */ = {
			isa = PBXFrameworksBuildPhase;
			buildActionMask = 2147483647;
			files = (
			);
			runOnlyForDeploymentPostprocessing = 0;
		};
		E3FB8B5C25040E7A0017DC9E /* Frameworks */ = {
			isa = PBXFrameworksBuildPhase;
			buildActionMask = 2147483647;
			files = (
			);
			runOnlyForDeploymentPostprocessing = 0;
		};
/* End PBXFrameworksBuildPhase section */

/* Begin PBXGroup section */
		E31478E724FC5817007678D3 /* Model */ = {
			isa = PBXGroup;
			children = (
				E3932C08250EC79A009FC745 /* PlayerType.swift */,
				E3932C0A250EC7BF009FC745 /* GameType.swift */,
				E3932C0C250EC87E009FC745 /* Ranking.swift */,
				E3F6D478250ECB6E00BAA9B6 /* GameResult.swift */,
				E3206E4D24FC592200AABCB2 /* ResultProvider.swift */,
				E3FB8B69250412C70017DC9E /* ResultCalculator.swift */,
			);
			path = Model;
			sourceTree = "<group>";
		};
		E31478E824FC5826007678D3 /* Controller */ = {
			isa = PBXGroup;
			children = (
				E3D4149524FC53BC008E1793 /* Game */,
				E3D4149424FC5381008E1793 /* ResultList */,
				E3D4149324FC536F008E1793 /* Result */,
				E3932C0E250EC91F009FC745 /* PlayerSelecting */,
			);
			path = Controller;
			sourceTree = "<group>";
		};
		E3932C0E250EC91F009FC745 /* PlayerSelecting */ = {
			isa = PBXGroup;
			children = (
				E3820988250AC15900EC068A /* SelectPlayer.storyboard */,
				E382098A250ACB3700EC068A /* SelectPlayerViewController.swift */,
			);
			path = PlayerSelecting;
			sourceTree = "<group>";
		};
		E3D4146524FC5221008E1793 = {
			isa = PBXGroup;
			children = (
				E3D4147024FC5221008E1793 /* Spider */,
				E3FB8B6025040E7A0017DC9E /* SpiderTests */,
				E3D4146F24FC5221008E1793 /* Products */,
			);
			sourceTree = "<group>";
		};
		E3D4146F24FC5221008E1793 /* Products */ = {
			isa = PBXGroup;
			children = (
				E3D4146E24FC5221008E1793 /* Spider.app */,
				E3FB8B5F25040E7A0017DC9E /* SpiderTests.xctest */,
			);
			name = Products;
			sourceTree = "<group>";
		};
		E3D4147024FC5221008E1793 /* Spider */ = {
			isa = PBXGroup;
			children = (
				E31478E724FC5817007678D3 /* Model */,
				E31478E824FC5826007678D3 /* Controller */,
				E3D4147124FC5221008E1793 /* AppDelegate.swift */,
				E3D4147A24FC5221008E1793 /* Assets.xcassets */,
				E3D4147C24FC5221008E1793 /* LaunchScreen.storyboard */,
				E3D4147F24FC5221008E1793 /* Info.plist */,
			);
			path = Spider;
			sourceTree = "<group>";
		};
		E3D4149324FC536F008E1793 /* Result */ = {
			isa = PBXGroup;
			children = (
				E3D4148F24FC5316008E1793 /* Result.storyboard */,
				E3D4149024FC5316008E1793 /* ResultViewController.swift */,
			);
			path = Result;
			sourceTree = "<group>";
		};
		E3D4149424FC5381008E1793 /* ResultList */ = {
			isa = PBXGroup;
			children = (
				E3D4148D24FC52FF008E1793 /* ResultList.storyboard */,
				E3D4148A24FC52EA008E1793 /* ResultListViewController.swift */,
				E3D4148924FC52EA008E1793 /* ResultPodiumViewController.swift */,
			);
			path = ResultList;
			sourceTree = "<group>";
		};
		E3D4149524FC53BC008E1793 /* Game */ = {
			isa = PBXGroup;
			children = (
				E3D4148724FC52C8008E1793 /* Game.storyboard */,
				E3D4148524FC52B1008E1793 /* GameViewController.swift */,
			);
			path = Game;
			sourceTree = "<group>";
		};
		E3FB8B6025040E7A0017DC9E /* SpiderTests */ = {
			isa = PBXGroup;
			children = (
				E3FB8B6125040E7A0017DC9E /* ResultProviderTests.swift */,
				E3FB8B6B2504139D0017DC9E /* ResultCalculatorTests.swift */,
				E3FB8B6325040E7A0017DC9E /* Info.plist */,
			);
			path = SpiderTests;
			sourceTree = "<group>";
		};
/* End PBXGroup section */

/* Begin PBXNativeTarget section */
		E3D4146D24FC5221008E1793 /* Spider */ = {
			isa = PBXNativeTarget;
			buildConfigurationList = E3D4148224FC5221008E1793 /* Build configuration list for PBXNativeTarget "Spider" */;
			buildPhases = (
				E3D4146A24FC5221008E1793 /* Sources */,
				E3D4146B24FC5221008E1793 /* Frameworks */,
				E3D4146C24FC5221008E1793 /* Resources */,
			);
			buildRules = (
			);
			dependencies = (
			);
			name = Spider;
			productName = Spider;
			productReference = E3D4146E24FC5221008E1793 /* Spider.app */;
			productType = "com.apple.product-type.application";
		};
		E3FB8B5E25040E7A0017DC9E /* SpiderTests */ = {
			isa = PBXNativeTarget;
			buildConfigurationList = E3FB8B6825040E7A0017DC9E /* Build configuration list for PBXNativeTarget "SpiderTests" */;
			buildPhases = (
				E3FB8B5B25040E7A0017DC9E /* Sources */,
				E3FB8B5C25040E7A0017DC9E /* Frameworks */,
				E3FB8B5D25040E7A0017DC9E /* Resources */,
			);
			buildRules = (
			);
			dependencies = (
				E3FB8B6525040E7A0017DC9E /* PBXTargetDependency */,
			);
			name = SpiderTests;
			productName = SpiderTests;
			productReference = E3FB8B5F25040E7A0017DC9E /* SpiderTests.xctest */;
			productType = "com.apple.product-type.bundle.unit-test";
		};
/* End PBXNativeTarget section */

/* Begin PBXProject section */
		E3D4146624FC5221008E1793 /* Project object */ = {
			isa = PBXProject;
			attributes = {
				LastSwiftUpdateCheck = 1170;
				LastUpgradeCheck = 1160;
				ORGANIZATIONNAME = "Dukai Andrea";
				TargetAttributes = {
					E3D4146D24FC5221008E1793 = {
						CreatedOnToolsVersion = 11.6;
					};
					E3FB8B5E25040E7A0017DC9E = {
						CreatedOnToolsVersion = 11.7;
						TestTargetID = E3D4146D24FC5221008E1793;
					};
				};
			};
			buildConfigurationList = E3D4146924FC5221008E1793 /* Build configuration list for PBXProject "Spider" */;
			compatibilityVersion = "Xcode 9.3";
			developmentRegion = en;
			hasScannedForEncodings = 0;
			knownRegions = (
				en,
				Base,
			);
			mainGroup = E3D4146524FC5221008E1793;
			productRefGroup = E3D4146F24FC5221008E1793 /* Products */;
			projectDirPath = "";
			projectRoot = "";
			targets = (
				E3D4146D24FC5221008E1793 /* Spider */,
				E3FB8B5E25040E7A0017DC9E /* SpiderTests */,
			);
		};
/* End PBXProject section */

/* Begin PBXResourcesBuildPhase section */
		E3D4146C24FC5221008E1793 /* Resources */ = {
			isa = PBXResourcesBuildPhase;
			buildActionMask = 2147483647;
			files = (
				E3D4149124FC5316008E1793 /* Result.storyboard in Resources */,
				E3D4148824FC52C8008E1793 /* Game.storyboard in Resources */,
				E3D4147E24FC5221008E1793 /* LaunchScreen.storyboard in Resources */,
				E3D4147B24FC5221008E1793 /* Assets.xcassets in Resources */,
				E3D4148E24FC52FF008E1793 /* ResultList.storyboard in Resources */,
				E3820989250AC15900EC068A /* SelectPlayer.storyboard in Resources */,
			);
			runOnlyForDeploymentPostprocessing = 0;
		};
		E3FB8B5D25040E7A0017DC9E /* Resources */ = {
			isa = PBXResourcesBuildPhase;
			buildActionMask = 2147483647;
			files = (
			);
			runOnlyForDeploymentPostprocessing = 0;
		};
/* End PBXResourcesBuildPhase section */

/* Begin PBXSourcesBuildPhase section */
		E3D4146A24FC5221008E1793 /* Sources */ = {
			isa = PBXSourcesBuildPhase;
			buildActionMask = 2147483647;
			files = (
				E3D4149224FC5316008E1793 /* ResultViewController.swift in Sources */,
				E3D4148624FC52B1008E1793 /* GameViewController.swift in Sources */,
				E3D4147224FC5221008E1793 /* AppDelegate.swift in Sources */,
				E3932C0B250EC7BF009FC745 /* GameType.swift in Sources */,
				E3932C0D250EC87E009FC745 /* Ranking.swift in Sources */,
				E3D4148B24FC52EA008E1793 /* ResultPodiumViewController.swift in Sources */,
				E3932C09250EC79A009FC745 /* PlayerType.swift in Sources */,
				E3D4148C24FC52EA008E1793 /* ResultListViewController.swift in Sources */,
				E3F6D479250ECB6E00BAA9B6 /* GameResult.swift in Sources */,
				E3206E4E24FC592200AABCB2 /* ResultProvider.swift in Sources */,
				E382098B250ACB3700EC068A /* SelectPlayerViewController.swift in Sources */,
				E3FB8B6A250412C70017DC9E /* ResultCalculator.swift in Sources */,
			);
			runOnlyForDeploymentPostprocessing = 0;
		};
		E3FB8B5B25040E7A0017DC9E /* Sources */ = {
			isa = PBXSourcesBuildPhase;
			buildActionMask = 2147483647;
			files = (
				E3FB8B6C2504139D0017DC9E /* ResultCalculatorTests.swift in Sources */,
				E3FB8B6225040E7A0017DC9E /* ResultProviderTests.swift in Sources */,
			);
			runOnlyForDeploymentPostprocessing = 0;
		};
/* End PBXSourcesBuildPhase section */

/* Begin PBXTargetDependency section */
		E3FB8B6525040E7A0017DC9E /* PBXTargetDependency */ = {
			isa = PBXTargetDependency;
			target = E3D4146D24FC5221008E1793 /* Spider */;
			targetProxy = E3FB8B6425040E7A0017DC9E /* PBXContainerItemProxy */;
		};
/* End PBXTargetDependency section */

/* Begin PBXVariantGroup section */
		E3D4147C24FC5221008E1793 /* LaunchScreen.storyboard */ = {
			isa = PBXVariantGroup;
			children = (
				E3D4147D24FC5221008E1793 /* Base */,
			);
			name = LaunchScreen.storyboard;
			sourceTree = "<group>";
		};
/* End PBXVariantGroup section */

/* Begin XCBuildConfiguration section */
		E3D4148024FC5221008E1793 /* Debug */ = {
			isa = XCBuildConfiguration;
			buildSettings = {
				ALWAYS_SEARCH_USER_PATHS = NO;
				CLANG_ANALYZER_NONNULL = YES;
				CLANG_ANALYZER_NUMBER_OBJECT_CONVERSION = YES_AGGRESSIVE;
				CLANG_CXX_LANGUAGE_STANDARD = "gnu++14";
				CLANG_CXX_LIBRARY = "libc++";
				CLANG_ENABLE_MODULES = YES;
				CLANG_ENABLE_OBJC_ARC = YES;
				CLANG_ENABLE_OBJC_WEAK = YES;
				CLANG_WARN_BLOCK_CAPTURE_AUTORELEASING = YES;
				CLANG_WARN_BOOL_CONVERSION = YES;
				CLANG_WARN_COMMA = YES;
				CLANG_WARN_CONSTANT_CONVERSION = YES;
				CLANG_WARN_DEPRECATED_OBJC_IMPLEMENTATIONS = YES;
				CLANG_WARN_DIRECT_OBJC_ISA_USAGE = YES_ERROR;
				CLANG_WARN_DOCUMENTATION_COMMENTS = YES;
				CLANG_WARN_EMPTY_BODY = YES;
				CLANG_WARN_ENUM_CONVERSION = YES;
				CLANG_WARN_INFINITE_RECURSION = YES;
				CLANG_WARN_INT_CONVERSION = YES;
				CLANG_WARN_NON_LITERAL_NULL_CONVERSION = YES;
				CLANG_WARN_OBJC_IMPLICIT_RETAIN_SELF = YES;
				CLANG_WARN_OBJC_LITERAL_CONVERSION = YES;
				CLANG_WARN_OBJC_ROOT_CLASS = YES_ERROR;
				CLANG_WARN_RANGE_LOOP_ANALYSIS = YES;
				CLANG_WARN_STRICT_PROTOTYPES = YES;
				CLANG_WARN_SUSPICIOUS_MOVE = YES;
				CLANG_WARN_UNGUARDED_AVAILABILITY = YES_AGGRESSIVE;
				CLANG_WARN_UNREACHABLE_CODE = YES;
				CLANG_WARN__DUPLICATE_METHOD_MATCH = YES;
				COPY_PHASE_STRIP = NO;
				DEBUG_INFORMATION_FORMAT = dwarf;
				ENABLE_STRICT_OBJC_MSGSEND = YES;
				ENABLE_TESTABILITY = YES;
				GCC_C_LANGUAGE_STANDARD = gnu11;
				GCC_DYNAMIC_NO_PIC = NO;
				GCC_NO_COMMON_BLOCKS = YES;
				GCC_OPTIMIZATION_LEVEL = 0;
				GCC_PREPROCESSOR_DEFINITIONS = (
					"DEBUG=1",
					"$(inherited)",
				);
				GCC_WARN_64_TO_32_BIT_CONVERSION = YES;
				GCC_WARN_ABOUT_RETURN_TYPE = YES_ERROR;
				GCC_WARN_UNDECLARED_SELECTOR = YES;
				GCC_WARN_UNINITIALIZED_AUTOS = YES_AGGRESSIVE;
				GCC_WARN_UNUSED_FUNCTION = YES;
				GCC_WARN_UNUSED_VARIABLE = YES;
				IPHONEOS_DEPLOYMENT_TARGET = 13.0;
				MTL_ENABLE_DEBUG_INFO = INCLUDE_SOURCE;
				MTL_FAST_MATH = YES;
				ONLY_ACTIVE_ARCH = YES;
				SDKROOT = iphoneos;
				SWIFT_ACTIVE_COMPILATION_CONDITIONS = DEBUG;
				SWIFT_OPTIMIZATION_LEVEL = "-Onone";
			};
			name = Debug;
		};
		E3D4148124FC5221008E1793 /* Release */ = {
			isa = XCBuildConfiguration;
			buildSettings = {
				ALWAYS_SEARCH_USER_PATHS = NO;
				CLANG_ANALYZER_NONNULL = YES;
				CLANG_ANALYZER_NUMBER_OBJECT_CONVERSION = YES_AGGRESSIVE;
				CLANG_CXX_LANGUAGE_STANDARD = "gnu++14";
				CLANG_CXX_LIBRARY = "libc++";
				CLANG_ENABLE_MODULES = YES;
				CLANG_ENABLE_OBJC_ARC = YES;
				CLANG_ENABLE_OBJC_WEAK = YES;
				CLANG_WARN_BLOCK_CAPTURE_AUTORELEASING = YES;
				CLANG_WARN_BOOL_CONVERSION = YES;
				CLANG_WARN_COMMA = YES;
				CLANG_WARN_CONSTANT_CONVERSION = YES;
				CLANG_WARN_DEPRECATED_OBJC_IMPLEMENTATIONS = YES;
				CLANG_WARN_DIRECT_OBJC_ISA_USAGE = YES_ERROR;
				CLANG_WARN_DOCUMENTATION_COMMENTS = YES;
				CLANG_WARN_EMPTY_BODY = YES;
				CLANG_WARN_ENUM_CONVERSION = YES;
				CLANG_WARN_INFINITE_RECURSION = YES;
				CLANG_WARN_INT_CONVERSION = YES;
				CLANG_WARN_NON_LITERAL_NULL_CONVERSION = YES;
				CLANG_WARN_OBJC_IMPLICIT_RETAIN_SELF = YES;
				CLANG_WARN_OBJC_LITERAL_CONVERSION = YES;
				CLANG_WARN_OBJC_ROOT_CLASS = YES_ERROR;
				CLANG_WARN_RANGE_LOOP_ANALYSIS = YES;
				CLANG_WARN_STRICT_PROTOTYPES = YES;
				CLANG_WARN_SUSPICIOUS_MOVE = YES;
				CLANG_WARN_UNGUARDED_AVAILABILITY = YES_AGGRESSIVE;
				CLANG_WARN_UNREACHABLE_CODE = YES;
				CLANG_WARN__DUPLICATE_METHOD_MATCH = YES;
				COPY_PHASE_STRIP = NO;
				DEBUG_INFORMATION_FORMAT = "dwarf-with-dsym";
				ENABLE_NS_ASSERTIONS = NO;
				ENABLE_STRICT_OBJC_MSGSEND = YES;
				GCC_C_LANGUAGE_STANDARD = gnu11;
				GCC_NO_COMMON_BLOCKS = YES;
				GCC_WARN_64_TO_32_BIT_CONVERSION = YES;
				GCC_WARN_ABOUT_RETURN_TYPE = YES_ERROR;
				GCC_WARN_UNDECLARED_SELECTOR = YES;
				GCC_WARN_UNINITIALIZED_AUTOS = YES_AGGRESSIVE;
				GCC_WARN_UNUSED_FUNCTION = YES;
				GCC_WARN_UNUSED_VARIABLE = YES;
				IPHONEOS_DEPLOYMENT_TARGET = 13.0;
				MTL_ENABLE_DEBUG_INFO = NO;
				MTL_FAST_MATH = YES;
				SDKROOT = iphoneos;
				SWIFT_COMPILATION_MODE = wholemodule;
				SWIFT_OPTIMIZATION_LEVEL = "-O";
				VALIDATE_PRODUCT = YES;
			};
			name = Release;
		};
		E3D4148324FC5221008E1793 /* Debug */ = {
			isa = XCBuildConfiguration;
			buildSettings = {
				ASSETCATALOG_COMPILER_APPICON_NAME = AppIcon;
				CODE_SIGN_STYLE = Automatic;
				DEVELOPMENT_TEAM = 7KNY3VB5QT;
				INFOPLIST_FILE = Spider/Info.plist;
				LD_RUNPATH_SEARCH_PATHS = (
					"$(inherited)",
					"@executable_path/Frameworks",
				);
				PRODUCT_BUNDLE_IDENTIFIER = com.corvin82.Spider;
				PRODUCT_NAME = "$(TARGET_NAME)";
				SWIFT_VERSION = 5.0;
				TARGETED_DEVICE_FAMILY = 1;
			};
			name = Debug;
		};
		E3D4148424FC5221008E1793 /* Release */ = {
			isa = XCBuildConfiguration;
			buildSettings = {
				ASSETCATALOG_COMPILER_APPICON_NAME = AppIcon;
				CODE_SIGN_STYLE = Automatic;
				DEVELOPMENT_TEAM = 7KNY3VB5QT;
				INFOPLIST_FILE = Spider/Info.plist;
				LD_RUNPATH_SEARCH_PATHS = (
					"$(inherited)",
					"@executable_path/Frameworks",
				);
				PRODUCT_BUNDLE_IDENTIFIER = com.corvin82.Spider;
				PRODUCT_NAME = "$(TARGET_NAME)";
				SWIFT_VERSION = 5.0;
				TARGETED_DEVICE_FAMILY = 1;
			};
			name = Release;
		};
		E3FB8B6625040E7A0017DC9E /* Debug */ = {
			isa = XCBuildConfiguration;
			buildSettings = {
				BUNDLE_LOADER = "$(TEST_HOST)";
				CODE_SIGN_STYLE = Automatic;
				DEVELOPMENT_TEAM = USPWYNR793;
				INFOPLIST_FILE = SpiderTests/Info.plist;
				IPHONEOS_DEPLOYMENT_TARGET = 13.7;
				LD_RUNPATH_SEARCH_PATHS = (
					"$(inherited)",
					"@executable_path/Frameworks",
					"@loader_path/Frameworks",
				);
				PRODUCT_BUNDLE_IDENTIFIER = com.corvin82.SpiderTests;
				PRODUCT_NAME = "$(TARGET_NAME)";
				SWIFT_VERSION = 5.0;
				TARGETED_DEVICE_FAMILY = "1,2";
				TEST_HOST = "$(BUILT_PRODUCTS_DIR)/Spider.app/Spider";
			};
			name = Debug;
		};
		E3FB8B6725040E7A0017DC9E /* Release */ = {
			isa = XCBuildConfiguration;
			buildSettings = {
				BUNDLE_LOADER = "$(TEST_HOST)";
				CODE_SIGN_STYLE = Automatic;
				DEVELOPMENT_TEAM = USPWYNR793;
				INFOPLIST_FILE = SpiderTests/Info.plist;
				IPHONEOS_DEPLOYMENT_TARGET = 13.7;
				LD_RUNPATH_SEARCH_PATHS = (
					"$(inherited)",
					"@executable_path/Frameworks",
					"@loader_path/Frameworks",
				);
				PRODUCT_BUNDLE_IDENTIFIER = com.corvin82.SpiderTests;
				PRODUCT_NAME = "$(TARGET_NAME)";
				SWIFT_VERSION = 5.0;
				TARGETED_DEVICE_FAMILY = "1,2";
				TEST_HOST = "$(BUILT_PRODUCTS_DIR)/Spider.app/Spider";
			};
			name = Release;
		};
/* End XCBuildConfiguration section */

/* Begin XCConfigurationList section */
		E3D4146924FC5221008E1793 /* Build configuration list for PBXProject "Spider" */ = {
			isa = XCConfigurationList;
			buildConfigurations = (
				E3D4148024FC5221008E1793 /* Debug */,
				E3D4148124FC5221008E1793 /* Release */,
			);
			defaultConfigurationIsVisible = 0;
			defaultConfigurationName = Release;
		};
		E3D4148224FC5221008E1793 /* Build configuration list for PBXNativeTarget "Spider" */ = {
			isa = XCConfigurationList;
			buildConfigurations = (
				E3D4148324FC5221008E1793 /* Debug */,
				E3D4148424FC5221008E1793 /* Release */,
			);
			defaultConfigurationIsVisible = 0;
			defaultConfigurationName = Release;
		};
		E3FB8B6825040E7A0017DC9E /* Build configuration list for PBXNativeTarget "SpiderTests" */ = {
			isa = XCConfigurationList;
			buildConfigurations = (
				E3FB8B6625040E7A0017DC9E /* Debug */,
				E3FB8B6725040E7A0017DC9E /* Release */,
			);
			defaultConfigurationIsVisible = 0;
			defaultConfigurationName = Release;
		};
/* End XCConfigurationList section */
	};
	rootObject = E3D4146624FC5221008E1793 /* Project object */;
}
